
Microsoft Visual Studio Solution File, Format Version 12.00
# Visual Studio Version 16
VisualStudioVersion = 16.0.31205.134
MinimumVisualStudioVersion = 10.0.40219.1
Project("{FAE04EC0-301F-11D3-BF4B-00C04F79EFBC}") = "Akaryakit_Otomasyonu", "Akaryakit_Otomasyonu\Akaryakit_Otomasyonu.csproj", "{2C195BBF-33A2-446B-A52E-979E0904A7C2}"
EndProject
Global
	GlobalSection(SolutionConfigurationPlatforms) = preSolution
		Debug|Any CPU = Debug|Any CPU
		Release|Any CPU = Release|Any CPU
	EndGlobalSection
	GlobalSection(ProjectConfigurationPlatforms) = postSolution
		{2C195BBF-33A2-446B-A52E-979E0904A7C2}.Debug|Any CPU.ActiveCfg = Debug|Any CPU
		{2C195BBF-33A2-446B-A52E-979E0904A7C2}.Debug|Any CPU.Build.0 = Debug|Any CPU
		{2C195BBF-33A2-446B-A52E-979E0904A7C2}.Release|Any CPU.ActiveCfg = Release|Any CPU
		{2C195BBF-33A2-446B-A52E-979E0904A7C2}.Release|Any CPU.Build.0 = Release|Any CPU
	EndGlobalSection
	GlobalSection(SolutionProperties) = preSolution
		HideSolutionNode = FALSE
	EndGlobalSection
	GlobalSection(ExtensibilityGlobals) = postSolution
		SolutionGuid = {68E95710-F426-4B88-906B-5E87BB8A1E1F}
	EndGlobalSection
EndGlobal
